// !$*UTF8*$!
{
	archiveVersion = 1;
	classes = {
	};
	objectVersion = 48;
	objects = {

/* Begin PBXBuildFile section */
		5017991D1FC0BE4E000A6D46 /* TestExtensionsViewController.swift in Sources */ = {isa = PBXBuildFile; fileRef = 5017991C1FC0BE4E000A6D46 /* TestExtensionsViewController.swift */; };
		5017991F1FC0BE6C000A6D46 /* TestExtensionsMasterView.swift in Sources */ = {isa = PBXBuildFile; fileRef = 5017991E1FC0BE6C000A6D46 /* TestExtensionsMasterView.swift */; };
		504B9D131FBF830D00CAB017 /* AppDelegate.swift in Sources */ = {isa = PBXBuildFile; fileRef = 504B9D121FBF830D00CAB017 /* AppDelegate.swift */; };
		504B9D181FBF830D00CAB017 /* Main.storyboard in Resources */ = {isa = PBXBuildFile; fileRef = 504B9D161FBF830D00CAB017 /* Main.storyboard */; };
		504B9D1A1FBF830D00CAB017 /* Assets.xcassets in Resources */ = {isa = PBXBuildFile; fileRef = 504B9D191FBF830D00CAB017 /* Assets.xcassets */; };
		504B9D1D1FBF830D00CAB017 /* LaunchScreen.storyboard in Resources */ = {isa = PBXBuildFile; fileRef = 504B9D1B1FBF830D00CAB017 /* LaunchScreen.storyboard */; };
		504B9D281FBF830D00CAB017 /* TestPodsTests.swift in Sources */ = {isa = PBXBuildFile; fileRef = 504B9D271FBF830D00CAB017 /* TestPodsTests.swift */; };
		50F38CE21FC8B3AC00838CB4 /* AlertViewController.swift in Sources */ = {isa = PBXBuildFile; fileRef = 50F38CE11FC8B3AC00838CB4 /* AlertViewController.swift */; };
		536756003BD197D2E35C57D3 /* Pods_TestPods.framework in Frameworks */ = {isa = PBXBuildFile; fileRef = 4A65A9BF772EDE571948444D /* Pods_TestPods.framework */; };
		77FC2217EB554D0295D3A307 /* Pods_TestPodsTests.framework in Frameworks */ = {isa = PBXBuildFile; fileRef = 6945A9B2D97C27BB0F9D5A67 /* Pods_TestPodsTests.framework */; };
/* End PBXBuildFile section */

/* Begin PBXContainerItemProxy section */
		504B9D241FBF830D00CAB017 /* PBXContainerItemProxy */ = {
			isa = PBXContainerItemProxy;
			containerPortal = 504B9D071FBF830D00CAB017 /* Project object */;
			proxyType = 1;
			remoteGlobalIDString = 504B9D0E1FBF830D00CAB017;
			remoteInfo = TestPods;
		};
/* End PBXContainerItemProxy section */

/* Begin PBXFileReference section */
		4A65A9BF772EDE571948444D /* Pods_TestPods.framework */ = {isa = PBXFileReference; explicitFileType = wrapper.framework; includeInIndex = 0; path = Pods_TestPods.framework; sourceTree = BUILT_PRODUCTS_DIR; };
		4BB26D6AD0B5C61466F3D595 /* Pods-TestPodsTests.release.xcconfig */ = {isa = PBXFileReference; includeInIndex = 1; lastKnownFileType = text.xcconfig; name = "Pods-TestPodsTests.release.xcconfig"; path = "Pods/Target Support Files/Pods-TestPodsTests/Pods-TestPodsTests.release.xcconfig"; sourceTree = "<group>"; };
		5017991C1FC0BE4E000A6D46 /* TestExtensionsViewController.swift */ = {isa = PBXFileReference; lastKnownFileType = sourcecode.swift; path = TestExtensionsViewController.swift; sourceTree = "<group>"; };
		5017991E1FC0BE6C000A6D46 /* TestExtensionsMasterView.swift */ = {isa = PBXFileReference; lastKnownFileType = sourcecode.swift; path = TestExtensionsMasterView.swift; sourceTree = "<group>"; };
		504B9D0F1FBF830D00CAB017 /* TestPods.app */ = {isa = PBXFileReference; explicitFileType = wrapper.application; includeInIndex = 0; path = TestPods.app; sourceTree = BUILT_PRODUCTS_DIR; };
		504B9D121FBF830D00CAB017 /* AppDelegate.swift */ = {isa = PBXFileReference; lastKnownFileType = sourcecode.swift; path = AppDelegate.swift; sourceTree = "<group>"; };
		504B9D171FBF830D00CAB017 /* Base */ = {isa = PBXFileReference; lastKnownFileType = file.storyboard; name = Base; path = Base.lproj/Main.storyboard; sourceTree = "<group>"; };
		504B9D191FBF830D00CAB017 /* Assets.xcassets */ = {isa = PBXFileReference; lastKnownFileType = folder.assetcatalog; path = Assets.xcassets; sourceTree = "<group>"; };
		504B9D1C1FBF830D00CAB017 /* Base */ = {isa = PBXFileReference; lastKnownFileType = file.storyboard; name = Base; path = Base.lproj/LaunchScreen.storyboard; sourceTree = "<group>"; };
		504B9D1E1FBF830D00CAB017 /* Info.plist */ = {isa = PBXFileReference; lastKnownFileType = text.plist.xml; path = Info.plist; sourceTree = "<group>"; };
		504B9D231FBF830D00CAB017 /* TestPodsTests.xctest */ = {isa = PBXFileReference; explicitFileType = wrapper.cfbundle; includeInIndex = 0; path = TestPodsTests.xctest; sourceTree = BUILT_PRODUCTS_DIR; };
		504B9D271FBF830D00CAB017 /* TestPodsTests.swift */ = {isa = PBXFileReference; lastKnownFileType = sourcecode.swift; path = TestPodsTests.swift; sourceTree = "<group>"; };
		504B9D291FBF830D00CAB017 /* Info.plist */ = {isa = PBXFileReference; lastKnownFileType = text.plist.xml; path = Info.plist; sourceTree = "<group>"; };
		50F38CE11FC8B3AC00838CB4 /* AlertViewController.swift */ = {isa = PBXFileReference; lastKnownFileType = sourcecode.swift; path = AlertViewController.swift; sourceTree = "<group>"; };
		6945A9B2D97C27BB0F9D5A67 /* Pods_TestPodsTests.framework */ = {isa = PBXFileReference; explicitFileType = wrapper.framework; includeInIndex = 0; path = Pods_TestPodsTests.framework; sourceTree = BUILT_PRODUCTS_DIR; };
		70183CFFBB149F783FC76E7C /* Pods-TestPodsTests.debug.xcconfig */ = {isa = PBXFileReference; includeInIndex = 1; lastKnownFileType = text.xcconfig; name = "Pods-TestPodsTests.debug.xcconfig"; path = "Pods/Target Support Files/Pods-TestPodsTests/Pods-TestPodsTests.debug.xcconfig"; sourceTree = "<group>"; };
		9A9808FFEDB33622B70C3510 /* Pods-TestPods.debug.xcconfig */ = {isa = PBXFileReference; includeInIndex = 1; lastKnownFileType = text.xcconfig; name = "Pods-TestPods.debug.xcconfig"; path = "Pods/Target Support Files/Pods-TestPods/Pods-TestPods.debug.xcconfig"; sourceTree = "<group>"; };
		AA5DCC27A60015157B93D1C6 /* Pods-TestPods.release.xcconfig */ = {isa = PBXFileReference; includeInIndex = 1; lastKnownFileType = text.xcconfig; name = "Pods-TestPods.release.xcconfig"; path = "Pods/Target Support Files/Pods-TestPods/Pods-TestPods.release.xcconfig"; sourceTree = "<group>"; };
/* End PBXFileReference section */

/* Begin PBXFrameworksBuildPhase section */
		504B9D0C1FBF830D00CAB017 /* Frameworks */ = {
			isa = PBXFrameworksBuildPhase;
			buildActionMask = 2147483647;
			files = (
				536756003BD197D2E35C57D3 /* Pods_TestPods.framework in Frameworks */,
			);
			runOnlyForDeploymentPostprocessing = 0;
		};
		504B9D201FBF830D00CAB017 /* Frameworks */ = {
			isa = PBXFrameworksBuildPhase;
			buildActionMask = 2147483647;
			files = (
				77FC2217EB554D0295D3A307 /* Pods_TestPodsTests.framework in Frameworks */,
			);
			runOnlyForDeploymentPostprocessing = 0;
		};
/* End PBXFrameworksBuildPhase section */

/* Begin PBXGroup section */
		5017991B1FC0BE20000A6D46 /* TestExtensions */ = {
			isa = PBXGroup;
			children = (
				5017991C1FC0BE4E000A6D46 /* TestExtensionsViewController.swift */,
				5017991E1FC0BE6C000A6D46 /* TestExtensionsMasterView.swift */,
			);
			path = TestExtensions;
			sourceTree = "<group>";
		};
		504B9D061FBF830D00CAB017 = {
			isa = PBXGroup;
			children = (
				504B9D111FBF830D00CAB017 /* TestPods */,
				504B9D261FBF830D00CAB017 /* TestPodsTests */,
				504B9D101FBF830D00CAB017 /* Products */,
				5BCE564F6EE65D749F026C81 /* Pods */,
				B8B91E9C0793F0051D05CC71 /* Frameworks */,
			);
			sourceTree = "<group>";
		};
		504B9D101FBF830D00CAB017 /* Products */ = {
			isa = PBXGroup;
			children = (
				504B9D0F1FBF830D00CAB017 /* TestPods.app */,
				504B9D231FBF830D00CAB017 /* TestPodsTests.xctest */,
			);
			name = Products;
			sourceTree = "<group>";
		};
		504B9D111FBF830D00CAB017 /* TestPods */ = {
			isa = PBXGroup;
			children = (
				50F38CE01FC8B37600838CB4 /* TestAlertManager */,
				5017991B1FC0BE20000A6D46 /* TestExtensions */,
				504B9D121FBF830D00CAB017 /* AppDelegate.swift */,
				504B9D161FBF830D00CAB017 /* Main.storyboard */,
				504B9D191FBF830D00CAB017 /* Assets.xcassets */,
				504B9D1B1FBF830D00CAB017 /* LaunchScreen.storyboard */,
				504B9D1E1FBF830D00CAB017 /* Info.plist */,
			);
			path = TestPods;
			sourceTree = "<group>";
		};
		504B9D261FBF830D00CAB017 /* TestPodsTests */ = {
			isa = PBXGroup;
			children = (
				504B9D271FBF830D00CAB017 /* TestPodsTests.swift */,
				504B9D291FBF830D00CAB017 /* Info.plist */,
			);
			path = TestPodsTests;
			sourceTree = "<group>";
		};
		50F38CE01FC8B37600838CB4 /* TestAlertManager */ = {
			isa = PBXGroup;
			children = (
				50F38CE11FC8B3AC00838CB4 /* AlertViewController.swift */,
			);
			path = TestAlertManager;
			sourceTree = "<group>";
		};
		5BCE564F6EE65D749F026C81 /* Pods */ = {
			isa = PBXGroup;
			children = (
				9A9808FFEDB33622B70C3510 /* Pods-TestPods.debug.xcconfig */,
				AA5DCC27A60015157B93D1C6 /* Pods-TestPods.release.xcconfig */,
				70183CFFBB149F783FC76E7C /* Pods-TestPodsTests.debug.xcconfig */,
				4BB26D6AD0B5C61466F3D595 /* Pods-TestPodsTests.release.xcconfig */,
			);
			name = Pods;
			sourceTree = "<group>";
		};
		B8B91E9C0793F0051D05CC71 /* Frameworks */ = {
			isa = PBXGroup;
			children = (
				4A65A9BF772EDE571948444D /* Pods_TestPods.framework */,
				6945A9B2D97C27BB0F9D5A67 /* Pods_TestPodsTests.framework */,
			);
			name = Frameworks;
			sourceTree = "<group>";
		};
/* End PBXGroup section */

/* Begin PBXNativeTarget section */
		504B9D0E1FBF830D00CAB017 /* TestPods */ = {
			isa = PBXNativeTarget;
			buildConfigurationList = 504B9D2C1FBF830D00CAB017 /* Build configuration list for PBXNativeTarget "TestPods" */;
			buildPhases = (
				6FBD3E28604EBEA14022B2C8 /* [CP] Check Pods Manifest.lock */,
				504B9D0B1FBF830D00CAB017 /* Sources */,
				504B9D0C1FBF830D00CAB017 /* Frameworks */,
				504B9D0D1FBF830D00CAB017 /* Resources */,
				5371E8FF3364BA3942D35B0D /* [CP] Embed Pods Frameworks */,
				749B33BA11CA490AB60E2FE5 /* [CP] Copy Pods Resources */,
			);
			buildRules = (
			);
			dependencies = (
			);
			name = TestPods;
			productName = TestPods;
			productReference = 504B9D0F1FBF830D00CAB017 /* TestPods.app */;
			productType = "com.apple.product-type.application";
		};
		504B9D221FBF830D00CAB017 /* TestPodsTests */ = {
			isa = PBXNativeTarget;
			buildConfigurationList = 504B9D2F1FBF830D00CAB017 /* Build configuration list for PBXNativeTarget "TestPodsTests" */;
			buildPhases = (
				364720153624B4D6A497E4F6 /* [CP] Check Pods Manifest.lock */,
				504B9D1F1FBF830D00CAB017 /* Sources */,
				504B9D201FBF830D00CAB017 /* Frameworks */,
				504B9D211FBF830D00CAB017 /* Resources */,
				3E9D8B529AAFD17F6F90DCB7 /* [CP] Embed Pods Frameworks */,
				52AF87BF1E33CEFD409682EB /* [CP] Copy Pods Resources */,
			);
			buildRules = (
			);
			dependencies = (
				504B9D251FBF830D00CAB017 /* PBXTargetDependency */,
			);
			name = TestPodsTests;
			productName = TestPodsTests;
			productReference = 504B9D231FBF830D00CAB017 /* TestPodsTests.xctest */;
			productType = "com.apple.product-type.bundle.unit-test";
		};
/* End PBXNativeTarget section */

/* Begin PBXProject section */
		504B9D071FBF830D00CAB017 /* Project object */ = {
			isa = PBXProject;
			attributes = {
				LastSwiftUpdateCheck = 0910;
				LastUpgradeCheck = 0910;
				ORGANIZATIONNAME = "Zsolt Pete";
				TargetAttributes = {
					504B9D0E1FBF830D00CAB017 = {
						CreatedOnToolsVersion = 9.1;
						ProvisioningStyle = Automatic;
					};
					504B9D221FBF830D00CAB017 = {
						CreatedOnToolsVersion = 9.1;
						ProvisioningStyle = Automatic;
						TestTargetID = 504B9D0E1FBF830D00CAB017;
					};
				};
			};
			buildConfigurationList = 504B9D0A1FBF830D00CAB017 /* Build configuration list for PBXProject "TestPods" */;
			compatibilityVersion = "Xcode 8.0";
			developmentRegion = en;
			hasScannedForEncodings = 0;
			knownRegions = (
				en,
				Base,
			);
			mainGroup = 504B9D061FBF830D00CAB017;
			productRefGroup = 504B9D101FBF830D00CAB017 /* Products */;
			projectDirPath = "";
			projectRoot = "";
			targets = (
				504B9D0E1FBF830D00CAB017 /* TestPods */,
				504B9D221FBF830D00CAB017 /* TestPodsTests */,
			);
		};
/* End PBXProject section */

/* Begin PBXResourcesBuildPhase section */
		504B9D0D1FBF830D00CAB017 /* Resources */ = {
			isa = PBXResourcesBuildPhase;
			buildActionMask = 2147483647;
			files = (
				504B9D1D1FBF830D00CAB017 /* LaunchScreen.storyboard in Resources */,
				504B9D1A1FBF830D00CAB017 /* Assets.xcassets in Resources */,
				504B9D181FBF830D00CAB017 /* Main.storyboard in Resources */,
			);
			runOnlyForDeploymentPostprocessing = 0;
		};
		504B9D211FBF830D00CAB017 /* Resources */ = {
			isa = PBXResourcesBuildPhase;
			buildActionMask = 2147483647;
			files = (
			);
			runOnlyForDeploymentPostprocessing = 0;
		};
/* End PBXResourcesBuildPhase section */

/* Begin PBXShellScriptBuildPhase section */
		364720153624B4D6A497E4F6 /* [CP] Check Pods Manifest.lock */ = {
			isa = PBXShellScriptBuildPhase;
			buildActionMask = 2147483647;
			files = (
			);
			inputPaths = (
				"${PODS_PODFILE_DIR_PATH}/Podfile.lock",
				"${PODS_ROOT}/Manifest.lock",
			);
			name = "[CP] Check Pods Manifest.lock";
			outputPaths = (
				"$(DERIVED_FILE_DIR)/Pods-TestPodsTests-checkManifestLockResult.txt",
			);
			runOnlyForDeploymentPostprocessing = 0;
			shellPath = /bin/sh;
			shellScript = "diff \"${PODS_PODFILE_DIR_PATH}/Podfile.lock\" \"${PODS_ROOT}/Manifest.lock\" > /dev/null\nif [ $? != 0 ] ; then\n    # print error to STDERR\n    echo \"error: The sandbox is not in sync with the Podfile.lock. Run 'pod install' or update your CocoaPods installation.\" >&2\n    exit 1\nfi\n# This output is used by Xcode 'outputs' to avoid re-running this script phase.\necho \"SUCCESS\" > \"${SCRIPT_OUTPUT_FILE_0}\"\n";
			showEnvVarsInLog = 0;
		};
		3E9D8B529AAFD17F6F90DCB7 /* [CP] Embed Pods Frameworks */ = {
			isa = PBXShellScriptBuildPhase;
			buildActionMask = 2147483647;
			files = (
			);
			inputPaths = (
			);
			name = "[CP] Embed Pods Frameworks";
			outputPaths = (
			);
			runOnlyForDeploymentPostprocessing = 0;
			shellPath = /bin/sh;
			shellScript = "\"${SRCROOT}/Pods/Target Support Files/Pods-TestPodsTests/Pods-TestPodsTests-frameworks.sh\"\n";
			showEnvVarsInLog = 0;
		};
		52AF87BF1E33CEFD409682EB /* [CP] Copy Pods Resources */ = {
			isa = PBXShellScriptBuildPhase;
			buildActionMask = 2147483647;
			files = (
			);
			inputPaths = (
			);
			name = "[CP] Copy Pods Resources";
			outputPaths = (
			);
			runOnlyForDeploymentPostprocessing = 0;
			shellPath = /bin/sh;
			shellScript = "\"${SRCROOT}/Pods/Target Support Files/Pods-TestPodsTests/Pods-TestPodsTests-resources.sh\"\n";
			showEnvVarsInLog = 0;
		};
		5371E8FF3364BA3942D35B0D /* [CP] Embed Pods Frameworks */ = {
			isa = PBXShellScriptBuildPhase;
			buildActionMask = 2147483647;
			files = (
			);
			inputPaths = (
				"${SRCROOT}/Pods/Target Support Files/Pods-TestPods/Pods-TestPods-frameworks.sh",
				"${BUILT_PRODUCTS_DIR}/AlertManager/AlertManager.framework",
				"${BUILT_PRODUCTS_DIR}/CYExtensions/CYExtensions.framework",
				"${BUILT_PRODUCTS_DIR}/CYLocalization/CYLocalization.framework",
			);
			name = "[CP] Embed Pods Frameworks";
			outputPaths = (
				"${TARGET_BUILD_DIR}/${FRAMEWORKS_FOLDER_PATH}/AlertManager.framework",
				"${TARGET_BUILD_DIR}/${FRAMEWORKS_FOLDER_PATH}/CYExtensions.framework",
				"${TARGET_BUILD_DIR}/${FRAMEWORKS_FOLDER_PATH}/CYLocalization.framework",
			);
			runOnlyForDeploymentPostprocessing = 0;
			shellPath = /bin/sh;
			shellScript = "\"${SRCROOT}/Pods/Target Support Files/Pods-TestPods/Pods-TestPods-frameworks.sh\"\n";
			showEnvVarsInLog = 0;
		};
		6FBD3E28604EBEA14022B2C8 /* [CP] Check Pods Manifest.lock */ = {
			isa = PBXShellScriptBuildPhase;
			buildActionMask = 2147483647;
			files = (
			);
			inputPaths = (
				"${PODS_PODFILE_DIR_PATH}/Podfile.lock",
				"${PODS_ROOT}/Manifest.lock",
			);
			name = "[CP] Check Pods Manifest.lock";
			outputPaths = (
				"$(DERIVED_FILE_DIR)/Pods-TestPods-checkManifestLockResult.txt",
			);
			runOnlyForDeploymentPostprocessing = 0;
			shellPath = /bin/sh;
			shellScript = "diff \"${PODS_PODFILE_DIR_PATH}/Podfile.lock\" \"${PODS_ROOT}/Manifest.lock\" > /dev/null\nif [ $? != 0 ] ; then\n    # print error to STDERR\n    echo \"error: The sandbox is not in sync with the Podfile.lock. Run 'pod install' or update your CocoaPods installation.\" >&2\n    exit 1\nfi\n# This output is used by Xcode 'outputs' to avoid re-running this script phase.\necho \"SUCCESS\" > \"${SCRIPT_OUTPUT_FILE_0}\"\n";
			showEnvVarsInLog = 0;
		};
		749B33BA11CA490AB60E2FE5 /* [CP] Copy Pods Resources */ = {
			isa = PBXShellScriptBuildPhase;
			buildActionMask = 2147483647;
			files = (
			);
			inputPaths = (
				"${SRCROOT}/Pods/Target Support Files/Pods-TestPods/Pods-TestPods-resources.sh",
				"${PODS_ROOT}/GoogleSignIn/Resources/GoogleSignIn.bundle",
			);
			name = "[CP] Copy Pods Resources";
			outputPaths = (
				"${TARGET_BUILD_DIR}/${UNLOCALIZED_RESOURCES_FOLDER_PATH}",
			);
			runOnlyForDeploymentPostprocessing = 0;
			shellPath = /bin/sh;
			shellScript = "\"${SRCROOT}/Pods/Target Support Files/Pods-TestPods/Pods-TestPods-resources.sh\"\n";
			showEnvVarsInLog = 0;
		};
/* End PBXShellScriptBuildPhase section */

/* Begin PBXSourcesBuildPhase section */
		504B9D0B1FBF830D00CAB017 /* Sources */ = {
			isa = PBXSourcesBuildPhase;
			buildActionMask = 2147483647;
			files = (
				5017991F1FC0BE6C000A6D46 /* TestExtensionsMasterView.swift in Sources */,
				5017991D1FC0BE4E000A6D46 /* TestExtensionsViewController.swift in Sources */,
				50F38CE21FC8B3AC00838CB4 /* AlertViewController.swift in Sources */,
				504B9D131FBF830D00CAB017 /* AppDelegate.swift in Sources */,
			);
			runOnlyForDeploymentPostprocessing = 0;
		};
		504B9D1F1FBF830D00CAB017 /* Sources */ = {
			isa = PBXSourcesBuildPhase;
			buildActionMask = 2147483647;
			files = (
				504B9D281FBF830D00CAB017 /* TestPodsTests.swift in Sources */,
			);
			runOnlyForDeploymentPostprocessing = 0;
		};
/* End PBXSourcesBuildPhase section */

/* Begin PBXTargetDependency section */
		504B9D251FBF830D00CAB017 /* PBXTargetDependency */ = {
			isa = PBXTargetDependency;
			target = 504B9D0E1FBF830D00CAB017 /* TestPods */;
			targetProxy = 504B9D241FBF830D00CAB017 /* PBXContainerItemProxy */;
		};
/* End PBXTargetDependency section */

/* Begin PBXVariantGroup section */
		504B9D161FBF830D00CAB017 /* Main.storyboard */ = {
			isa = PBXVariantGroup;
			children = (
				504B9D171FBF830D00CAB017 /* Base */,
			);
			name = Main.storyboard;
			sourceTree = "<group>";
		};
		504B9D1B1FBF830D00CAB017 /* LaunchScreen.storyboard */ = {
			isa = PBXVariantGroup;
			children = (
				504B9D1C1FBF830D00CAB017 /* Base */,
			);
			name = LaunchScreen.storyboard;
			sourceTree = "<group>";
		};
/* End PBXVariantGroup section */

/* Begin XCBuildConfiguration section */
		504B9D2A1FBF830D00CAB017 /* Debug */ = {
			isa = XCBuildConfiguration;
			buildSettings = {
				ALWAYS_SEARCH_USER_PATHS = NO;
				CLANG_ANALYZER_NONNULL = YES;
				CLANG_ANALYZER_NUMBER_OBJECT_CONVERSION = YES_AGGRESSIVE;
				CLANG_CXX_LANGUAGE_STANDARD = "gnu++14";
				CLANG_CXX_LIBRARY = "libc++";
				CLANG_ENABLE_MODULES = YES;
				CLANG_ENABLE_OBJC_ARC = YES;
				CLANG_WARN_BLOCK_CAPTURE_AUTORELEASING = YES;
				CLANG_WARN_BOOL_CONVERSION = YES;
				CLANG_WARN_COMMA = YES;
				CLANG_WARN_CONSTANT_CONVERSION = YES;
				CLANG_WARN_DIRECT_OBJC_ISA_USAGE = YES_ERROR;
				CLANG_WARN_DOCUMENTATION_COMMENTS = YES;
				CLANG_WARN_EMPTY_BODY = YES;
				CLANG_WARN_ENUM_CONVERSION = YES;
				CLANG_WARN_INFINITE_RECURSION = YES;
				CLANG_WARN_INT_CONVERSION = YES;
				CLANG_WARN_NON_LITERAL_NULL_CONVERSION = YES;
				CLANG_WARN_OBJC_LITERAL_CONVERSION = YES;
				CLANG_WARN_OBJC_ROOT_CLASS = YES_ERROR;
				CLANG_WARN_RANGE_LOOP_ANALYSIS = YES;
				CLANG_WARN_STRICT_PROTOTYPES = YES;
				CLANG_WARN_SUSPICIOUS_MOVE = YES;
				CLANG_WARN_UNGUARDED_AVAILABILITY = YES_AGGRESSIVE;
				CLANG_WARN_UNREACHABLE_CODE = YES;
				CLANG_WARN__DUPLICATE_METHOD_MATCH = YES;
				CODE_SIGN_IDENTITY = "iPhone Developer";
				COPY_PHASE_STRIP = NO;
				DEBUG_INFORMATION_FORMAT = dwarf;
				ENABLE_STRICT_OBJC_MSGSEND = YES;
				ENABLE_TESTABILITY = YES;
				GCC_C_LANGUAGE_STANDARD = gnu11;
				GCC_DYNAMIC_NO_PIC = NO;
				GCC_NO_COMMON_BLOCKS = YES;
				GCC_OPTIMIZATION_LEVEL = 0;
				GCC_PREPROCESSOR_DEFINITIONS = (
					"DEBUG=1",
					"$(inherited)",
				);
				GCC_WARN_64_TO_32_BIT_CONVERSION = YES;
				GCC_WARN_ABOUT_RETURN_TYPE = YES_ERROR;
				GCC_WARN_UNDECLARED_SELECTOR = YES;
				GCC_WARN_UNINITIALIZED_AUTOS = YES_AGGRESSIVE;
				GCC_WARN_UNUSED_FUNCTION = YES;
				GCC_WARN_UNUSED_VARIABLE = YES;
				IPHONEOS_DEPLOYMENT_TARGET = 11.1;
				MTL_ENABLE_DEBUG_INFO = YES;
				ONLY_ACTIVE_ARCH = YES;
				SDKROOT = iphoneos;
				SWIFT_ACTIVE_COMPILATION_CONDITIONS = DEBUG;
				SWIFT_OPTIMIZATION_LEVEL = "-Onone";
			};
			name = Debug;
		};
		504B9D2B1FBF830D00CAB017 /* Release */ = {
			isa = XCBuildConfiguration;
			buildSettings = {
				ALWAYS_SEARCH_USER_PATHS = NO;
				CLANG_ANALYZER_NONNULL = YES;
				CLANG_ANALYZER_NUMBER_OBJECT_CONVERSION = YES_AGGRESSIVE;
				CLANG_CXX_LANGUAGE_STANDARD = "gnu++14";
				CLANG_CXX_LIBRARY = "libc++";
				CLANG_ENABLE_MODULES = YES;
				CLANG_ENABLE_OBJC_ARC = YES;
				CLANG_WARN_BLOCK_CAPTURE_AUTORELEASING = YES;
				CLANG_WARN_BOOL_CONVERSION = YES;
				CLANG_WARN_COMMA = YES;
				CLANG_WARN_CONSTANT_CONVERSION = YES;
				CLANG_WARN_DIRECT_OBJC_ISA_USAGE = YES_ERROR;
				CLANG_WARN_DOCUMENTATION_COMMENTS = YES;
				CLANG_WARN_EMPTY_BODY = YES;
				CLANG_WARN_ENUM_CONVERSION = YES;
				CLANG_WARN_INFINITE_RECURSION = YES;
				CLANG_WARN_INT_CONVERSION = YES;
				CLANG_WARN_NON_LITERAL_NULL_CONVERSION = YES;
				CLANG_WARN_OBJC_LITERAL_CONVERSION = YES;
				CLANG_WARN_OBJC_ROOT_CLASS = YES_ERROR;
				CLANG_WARN_RANGE_LOOP_ANALYSIS = YES;
				CLANG_WARN_STRICT_PROTOTYPES = YES;
				CLANG_WARN_SUSPICIOUS_MOVE = YES;
				CLANG_WARN_UNGUARDED_AVAILABILITY = YES_AGGRESSIVE;
				CLANG_WARN_UNREACHABLE_CODE = YES;
				CLANG_WARN__DUPLICATE_METHOD_MATCH = YES;
				CODE_SIGN_IDENTITY = "iPhone Developer";
				COPY_PHASE_STRIP = NO;
				DEBUG_INFORMATION_FORMAT = "dwarf-with-dsym";
				ENABLE_NS_ASSERTIONS = NO;
				ENABLE_STRICT_OBJC_MSGSEND = YES;
				GCC_C_LANGUAGE_STANDARD = gnu11;
				GCC_NO_COMMON_BLOCKS = YES;
				GCC_WARN_64_TO_32_BIT_CONVERSION = YES;
				GCC_WARN_ABOUT_RETURN_TYPE = YES_ERROR;
				GCC_WARN_UNDECLARED_SELECTOR = YES;
				GCC_WARN_UNINITIALIZED_AUTOS = YES_AGGRESSIVE;
				GCC_WARN_UNUSED_FUNCTION = YES;
				GCC_WARN_UNUSED_VARIABLE = YES;
				IPHONEOS_DEPLOYMENT_TARGET = 11.1;
				MTL_ENABLE_DEBUG_INFO = NO;
				SDKROOT = iphoneos;
				SWIFT_OPTIMIZATION_LEVEL = "-Owholemodule";
				VALIDATE_PRODUCT = YES;
			};
			name = Release;
		};
		504B9D2D1FBF830D00CAB017 /* Debug */ = {
			isa = XCBuildConfiguration;
			baseConfigurationReference = 9A9808FFEDB33622B70C3510 /* Pods-TestPods.debug.xcconfig */;
			buildSettings = {
				ASSETCATALOG_COMPILER_APPICON_NAME = AppIcon;
				CODE_SIGN_STYLE = Automatic;
				DEVELOPMENT_TEAM = CSD326H7VF;
				INFOPLIST_FILE = TestPods/Info.plist;
				IPHONEOS_DEPLOYMENT_TARGET = 10.0;
				LD_RUNPATH_SEARCH_PATHS = "$(inherited) @executable_path/Frameworks";
				PRODUCT_BUNDLE_IDENTIFIER = eu.codeyard.TestPods;
				PRODUCT_NAME = "$(TARGET_NAME)";
				SWIFT_VERSION = 4.0;
				TARGETED_DEVICE_FAMILY = "1,2";
			};
			name = Debug;
		};
		504B9D2E1FBF830D00CAB017 /* Release */ = {
			isa = XCBuildConfiguration;
			baseConfigurationReference = AA5DCC27A60015157B93D1C6 /* Pods-TestPods.release.xcconfig */;
			buildSettings = {
				ASSETCATALOG_COMPILER_APPICON_NAME = AppIcon;
				CODE_SIGN_STYLE = Automatic;
				DEVELOPMENT_TEAM = CSD326H7VF;
				INFOPLIST_FILE = TestPods/Info.plist;
				IPHONEOS_DEPLOYMENT_TARGET = 10.0;
				LD_RUNPATH_SEARCH_PATHS = "$(inherited) @executable_path/Frameworks";
				PRODUCT_BUNDLE_IDENTIFIER = eu.codeyard.TestPods;
				PRODUCT_NAME = "$(TARGET_NAME)";
				SWIFT_VERSION = 4.0;
				TARGETED_DEVICE_FAMILY = "1,2";
			};
			name = Release;
		};
		504B9D301FBF830D00CAB017 /* Debug */ = {
			isa = XCBuildConfiguration;
			baseConfigurationReference = 70183CFFBB149F783FC76E7C /* Pods-TestPodsTests.debug.xcconfig */;
			buildSettings = {
				ALWAYS_EMBED_SWIFT_STANDARD_LIBRARIES = YES;
				BUNDLE_LOADER = "$(TEST_HOST)";
				CODE_SIGN_STYLE = Automatic;
				DEVELOPMENT_TEAM = CSD326H7VF;
				INFOPLIST_FILE = TestPodsTests/Info.plist;
				LD_RUNPATH_SEARCH_PATHS = "$(inherited) @executable_path/Frameworks @loader_path/Frameworks";
				PRODUCT_BUNDLE_IDENTIFIER = eu.codeyard.TestPodsTests;
				PRODUCT_NAME = "$(TARGET_NAME)";
				SWIFT_VERSION = 4.0;
				TARGETED_DEVICE_FAMILY = "1,2";
				TEST_HOST = "$(BUILT_PRODUCTS_DIR)/TestPods.app/TestPods";
			};
			name = Debug;
		};
		504B9D311FBF830D00CAB017 /* Release */ = {
			isa = XCBuildConfiguration;
			baseConfigurationReference = 4BB26D6AD0B5C61466F3D595 /* Pods-TestPodsTests.release.xcconfig */;
			buildSettings = {
				ALWAYS_EMBED_SWIFT_STANDARD_LIBRARIES = YES;
				BUNDLE_LOADER = "$(TEST_HOST)";
				CODE_SIGN_STYLE = Automatic;
				DEVELOPMENT_TEAM = CSD326H7VF;
				INFOPLIST_FILE = TestPodsTests/Info.plist;
				LD_RUNPATH_SEARCH_PATHS = "$(inherited) @executable_path/Frameworks @loader_path/Frameworks";
				PRODUCT_BUNDLE_IDENTIFIER = eu.codeyard.TestPodsTests;
				PRODUCT_NAME = "$(TARGET_NAME)";
				SWIFT_VERSION = 4.0;
				TARGETED_DEVICE_FAMILY = "1,2";
				TEST_HOST = "$(BUILT_PRODUCTS_DIR)/TestPods.app/TestPods";
			};
			name = Release;
		};
/* End XCBuildConfiguration section */

/* Begin XCConfigurationList section */
		504B9D0A1FBF830D00CAB017 /* Build configuration list for PBXProject "TestPods" */ = {
			isa = XCConfigurationList;
			buildConfigurations = (
				504B9D2A1FBF830D00CAB017 /* Debug */,
				504B9D2B1FBF830D00CAB017 /* Release */,
			);
			defaultConfigurationIsVisible = 0;
			defaultConfigurationName = Release;
		};
		504B9D2C1FBF830D00CAB017 /* Build configuration list for PBXNativeTarget "TestPods" */ = {
			isa = XCConfigurationList;
			buildConfigurations = (
				504B9D2D1FBF830D00CAB017 /* Debug */,
				504B9D2E1FBF830D00CAB017 /* Release */,
			);
			defaultConfigurationIsVisible = 0;
			defaultConfigurationName = Release;
		};
		504B9D2F1FBF830D00CAB017 /* Build configuration list for PBXNativeTarget "TestPodsTests" */ = {
			isa = XCConfigurationList;
			buildConfigurations = (
				504B9D301FBF830D00CAB017 /* Debug */,
				504B9D311FBF830D00CAB017 /* Release */,
			);
			defaultConfigurationIsVisible = 0;
			defaultConfigurationName = Release;
		};
/* End XCConfigurationList section */
	};
	rootObject = 504B9D071FBF830D00CAB017 /* Project object */;
}
